
Microsoft Visual Studio Solution File, Format Version 12.00
# Visual Studio Version 16
VisualStudioVersion = 17.0.31611.283
MinimumVisualStudioVersion = 10.0.40219.1
Project("{FAE04EC0-301F-11D3-BF4B-00C04F79EFBC}") = "TerminalBlazor", "TerminalBlazor\TerminalBlazor.csproj", "{2DEAD787-8E7C-42C3-8AF4-279C59DF976E}"
EndProject
Project("{FAE04EC0-301F-11D3-BF4B-00C04F79EFBC}") = "DbConnection", "DbConnection\DbConnection.csproj", "{F2D165C1-1705-4177-915D-570CEA4E9869}"
EndProject
Global
	GlobalSection(SolutionConfigurationPlatforms) = preSolution
		Debug|Any CPU = Debug|Any CPU
		Release|Any CPU = Release|Any CPU
	EndGlobalSection
	GlobalSection(ProjectConfigurationPlatforms) = postSolution
		{2DEAD787-8E7C-42C3-8AF4-279C59DF976E}.Debug|Any CPU.ActiveCfg = Debug|Any CPU
		{2DEAD787-8E7C-42C3-8AF4-279C59DF976E}.Debug|Any CPU.Build.0 = Debug|Any CPU
		{2DEAD787-8E7C-42C3-8AF4-279C59DF976E}.Release|Any CPU.ActiveCfg = Release|Any CPU
		{2DEAD787-8E7C-42C3-8AF4-279C59DF976E}.Release|Any CPU.Build.0 = Release|Any CPU
		{F2D165C1-1705-4177-915D-570CEA4E9869}.Debug|Any CPU.ActiveCfg = Debug|Any CPU
		{F2D165C1-1705-4177-915D-570CEA4E9869}.Debug|Any CPU.Build.0 = Debug|Any CPU
		{F2D165C1-1705-4177-915D-570CEA4E9869}.Release|Any CPU.ActiveCfg = Release|Any CPU
		{F2D165C1-1705-4177-915D-570CEA4E9869}.Release|Any CPU.Build.0 = Release|Any CPU
	EndGlobalSection
	GlobalSection(SolutionProperties) = preSolution
		HideSolutionNode = FALSE
	EndGlobalSection
	GlobalSection(ExtensibilityGlobals) = postSolution
		SolutionGuid = {61F7FB11-1E47-470C-91E2-47F8143E1572}
	EndGlobalSection
EndGlobal
